{
  "nodes": {
    "fenix": {
      "inputs": {
        "nixpkgs": [
          "nixpkgs"
        ],
        "rust-analyzer-src": "rust-analyzer-src"
      },
      "locked": {
        "lastModified": 1735453947,
        "narHash": "sha256-/Fx2DHb11MA+nGwaoy3drrVTfALqvUm2pkHU8GNO+/Q=",
        "owner": "nix-community",
        "repo": "fenix",
        "rev": "7f1477d3cabc49c7f39faa89683fadb5f31d5e9f",
        "type": "github"
      },
      "original": {
        "owner": "nix-community",
        "repo": "fenix",
        "type": "github"
      }
    },
    "flake-utils": {
      "locked": {
        "lastModified": 1667077288,
        "narHash": "sha256-bdC8sFNDpT0HK74u9fUkpbf1MEzVYJ+ka7NXCdgBoaA=",
        "owner": "numtide",
        "repo": "flake-utils",
        "rev": "6ee9ebb6b1ee695d2cacc4faa053a7b9baa76817",
        "type": "github"
      },
      "original": {
        "owner": "numtide",
        "repo": "flake-utils",
        "type": "github"
      }
    },
    "home-manager": {
      "inputs": {
        "nixpkgs": [
          "nixpkgs"
        ]
      },
      "locked": {
        "lastModified": 1735381016,
        "narHash": "sha256-CyCZFhMUkuYbSD6bxB/r43EdmDE7hYeZZPTCv0GudO4=",
        "owner": "nix-community",
        "repo": "home-manager",
        "rev": "10e99c43cdf4a0713b4e81d90691d22c6a58bdf2",
        "type": "github"
      },
      "original": {
        "owner": "nix-community",
        "repo": "home-manager",
        "type": "github"
      }
    },
    "nixpkgs": {
      "locked": {
        "lastModified": 1735291276,
        "narHash": "sha256-NYVcA06+blsLG6wpAbSPTCyLvxD/92Hy4vlY9WxFI1M=",
        "owner": "nixos",
        "repo": "nixpkgs",
        "rev": "634fd46801442d760e09493a794c4f15db2d0cbb",
        "type": "github"
      },
      "original": {
        "owner": "nixos",
        "ref": "nixos-unstable",
        "repo": "nixpkgs",
        "type": "github"
      }
    },
    "nixpkgs_2": {
      "locked": {
        "lastModified": 1667050928,
        "narHash": "sha256-xOn0ZgjImIyeecEsrjxuvlW7IW5genTwvvnDQRFncB8=",
        "owner": "NixOS",
        "repo": "nixpkgs",
        "rev": "fdebb81f45a1ba2c4afca5fd9f526e1653ad0949",
        "type": "github"
      },
      "original": {
        "owner": "NixOS",
        "ref": "nixos-unstable",
        "repo": "nixpkgs",
        "type": "github"
      }
    },
    "root": {
      "inputs": {
        "fenix": "fenix",
        "home-manager": "home-manager",
        "nixpkgs": "nixpkgs",
        "turbo": "turbo"
      }
    },
    "rust-analyzer-src": {
      "flake": false,
      "locked": {
        "lastModified": 1735407071,
        "narHash": "sha256-t1ZcoajdRbFqcae8nFQtdz9FC9g84nIdS/YIA0tkIYI=",
        "owner": "rust-lang",
        "repo": "rust-analyzer",
        "rev": "dc6cea57a247bc5166b25609ec9d37c990f1417b",
        "type": "github"
      },
      "original": {
        "owner": "rust-lang",
        "ref": "nightly",
        "repo": "rust-analyzer",
        "type": "github"
      }
    },
    "rust-overlay": {
      "inputs": {
        "flake-utils": [
          "turbo",
          "flake-utils"
        ],
        "nixpkgs": [
          "turbo",
          "nixpkgs"
        ]
      },
      "locked": {
        "lastModified": 1667098607,
        "narHash": "sha256-zTYgUaS+81mNq8Z0v2WYr46ACJFBeWqcQfOVQaTxtNE=",
        "owner": "oxalica",
        "repo": "rust-overlay",
        "rev": "de5c4d5d40ae0a0dab67c5f7ae8d26c5445cf00d",
        "type": "github"
      },
      "original": {
        "owner": "oxalica",
        "repo": "rust-overlay",
        "type": "github"
      }
    },
    "turbo": {
      "inputs": {
        "flake-utils": "flake-utils",
        "nixpkgs": "nixpkgs_2",
        "rust-overlay": "rust-overlay"
      },
      "locked": {
        "lastModified": 1667101919,
        "narHash": "sha256-xOCDfi7ADRkfmHt83gQ+rs7Oaqij4IMV1NF3PQZtF+c=",
        "owner": "dlip",
        "repo": "turbo",
        "rev": "ffce29ea3b5ede544128b790d67c80aa2d3efc03",
        "type": "github"
      },
      "original": {
        "owner": "dlip",
        "repo": "turbo",
        "type": "github"
      }
    }
  },
  "root": "root",
  "version": 7
}
